
Microsoft Visual Studio Solution File, Format Version 12.00
# Visual Studio 15
VisualStudioVersion = 15.0.28307.271
MinimumVisualStudioVersion = 10.0.40219.1
Project("{FAE04EC0-301F-11D3-BF4B-00C04F79EFBC}") = "JSTask2", "JSTask2\JSTask2.csproj", "{2D4F3B24-8F32-422E-82F6-FD47C6982762}"
EndProject
Global
	GlobalSection(SolutionConfigurationPlatforms) = preSolution
		Debug|Any CPU = Debug|Any CPU
		Release|Any CPU = Release|Any CPU
	EndGlobalSection
	GlobalSection(ProjectConfigurationPlatforms) = postSolution
		{2D4F3B24-8F32-422E-82F6-FD47C6982762}.Debug|Any CPU.ActiveCfg = Debug|Any CPU
		{2D4F3B24-8F32-422E-82F6-FD47C6982762}.Debug|Any CPU.Build.0 = Debug|Any CPU
		{2D4F3B24-8F32-422E-82F6-FD47C6982762}.Release|Any CPU.ActiveCfg = Release|Any CPU
		{2D4F3B24-8F32-422E-82F6-FD47C6982762}.Release|Any CPU.Build.0 = Release|Any CPU
	EndGlobalSection
	GlobalSection(SolutionProperties) = preSolution
		HideSolutionNode = FALSE
	EndGlobalSection
	GlobalSection(ExtensibilityGlobals) = postSolution
		SolutionGuid = {A197162D-4F6E-4889-9754-00C273F4C1B6}
	EndGlobalSection
EndGlobal
